
Microsoft Visual Studio Solution File, Format Version 12.00
# Visual Studio Version 16
VisualStudioVersion = 16.0.29509.3
MinimumVisualStudioVersion = 10.0.40219.1
Project("{FAE04EC0-301F-11D3-BF4B-00C04F79EFBC}") = "ForumApi", "ForumApi\ForumApi.csproj", "{C1308FFE-0BE6-49A4-8EF0-6C38D951BFC4}"
EndProject
Global
	GlobalSection(SolutionConfigurationPlatforms) = preSolution
		Debug|Any CPU = Debug|Any CPU
		Release|Any CPU = Release|Any CPU
	EndGlobalSection
	GlobalSection(ProjectConfigurationPlatforms) = postSolution
		{C1308FFE-0BE6-49A4-8EF0-6C38D951BFC4}.Debug|Any CPU.ActiveCfg = Debug|Any CPU
		{C1308FFE-0BE6-49A4-8EF0-6C38D951BFC4}.Debug|Any CPU.Build.0 = Debug|Any CPU
		{C1308FFE-0BE6-49A4-8EF0-6C38D951BFC4}.Release|Any CPU.ActiveCfg = Release|Any CPU
		{C1308FFE-0BE6-49A4-8EF0-6C38D951BFC4}.Release|Any CPU.Build.0 = Release|Any CPU
	EndGlobalSection
	GlobalSection(SolutionProperties) = preSolution
		HideSolutionNode = FALSE
	EndGlobalSection
	GlobalSection(ExtensibilityGlobals) = postSolution
		SolutionGuid = {19F50548-98EC-462D-B3EB-652C17F0486B}
	EndGlobalSection
EndGlobal
